
Microsoft Visual Studio Solution File, Format Version 12.00
# Visual Studio Version 17
VisualStudioVersion = 17.9.34607.119
MinimumVisualStudioVersion = 10.0.40219.1
Project("{FAE04EC0-301F-11D3-BF4B-00C04F79EFBC}") = "ProcessFile", "ConsoleApp2\ProcessFile.csproj", "{610DE195-9585-44E5-9D76-93B361D54767}"
EndProject
Global
	GlobalSection(SolutionConfigurationPlatforms) = preSolution
		Debug|Any CPU = Debug|Any CPU
		Release|Any CPU = Release|Any CPU
	EndGlobalSection
	GlobalSection(ProjectConfigurationPlatforms) = postSolution
		{610DE195-9585-44E5-9D76-93B361D54767}.Debug|Any CPU.ActiveCfg = Debug|Any CPU
		{610DE195-9585-44E5-9D76-93B361D54767}.Debug|Any CPU.Build.0 = Debug|Any CPU
		{610DE195-9585-44E5-9D76-93B361D54767}.Release|Any CPU.ActiveCfg = Release|Any CPU
		{610DE195-9585-44E5-9D76-93B361D54767}.Release|Any CPU.Build.0 = Release|Any CPU
	EndGlobalSection
	GlobalSection(SolutionProperties) = preSolution
		HideSolutionNode = FALSE
	EndGlobalSection
	GlobalSection(ExtensibilityGlobals) = postSolution
		SolutionGuid = {A795594B-44DB-4B1F-B9ED-A9F62484DE37}
	EndGlobalSection
EndGlobal
